// !$*UTF8*$!
{
	archiveVersion = 1;
	classes = {
	};
	objectVersion = 46;
	objects = {

/* Begin PBXBuildFile section */
		186E83991907693800BB68EB /* Foundation.framework in Frameworks */ = {isa = PBXBuildFile; fileRef = 186E83981907693800BB68EB /* Foundation.framework */; };
		186E839B1907693800BB68EB /* CoreGraphics.framework in Frameworks */ = {isa = PBXBuildFile; fileRef = 186E839A1907693800BB68EB /* CoreGraphics.framework */; };
		186E839D1907693800BB68EB /* UIKit.framework in Frameworks */ = {isa = PBXBuildFile; fileRef = 186E839C1907693800BB68EB /* UIKit.framework */; };
		186E83A31907693800BB68EB /* InfoPlist.strings in Resources */ = {isa = PBXBuildFile; fileRef = 186E83A11907693800BB68EB /* InfoPlist.strings */; };
		186E83A51907693800BB68EB /* main.m in Sources */ = {isa = PBXBuildFile; fileRef = 186E83A41907693800BB68EB /* main.m */; };
		186E83A91907693800BB68EB /* AppDelegate.m in Sources */ = {isa = PBXBuildFile; fileRef = 186E83A81907693800BB68EB /* AppDelegate.m */; };
		186E83AB1907693800BB68EB /* Images.xcassets in Resources */ = {isa = PBXBuildFile; fileRef = 186E83AA1907693800BB68EB /* Images.xcassets */; };
		186E83B21907693800BB68EB /* XCTest.framework in Frameworks */ = {isa = PBXBuildFile; fileRef = 186E83B11907693800BB68EB /* XCTest.framework */; };
		186E83B31907693800BB68EB /* Foundation.framework in Frameworks */ = {isa = PBXBuildFile; fileRef = 186E83981907693800BB68EB /* Foundation.framework */; };
		186E83B41907693800BB68EB /* UIKit.framework in Frameworks */ = {isa = PBXBuildFile; fileRef = 186E839C1907693800BB68EB /* UIKit.framework */; };
		186E83BC1907693800BB68EB /* InfoPlist.strings in Resources */ = {isa = PBXBuildFile; fileRef = 186E83BA1907693800BB68EB /* InfoPlist.strings */; };
		186E83BE1907693800BB68EB /* CVTransitionDemoTests.m in Sources */ = {isa = PBXBuildFile; fileRef = 186E83BD1907693800BB68EB /* CVTransitionDemoTests.m */; };
		186E83C9190769F500BB68EB /* ModalViewController.m in Sources */ = {isa = PBXBuildFile; fileRef = 186E83C8190769F500BB68EB /* ModalViewController.m */; };
		186E83CC19076C3F00BB68EB /* MainViewController.m in Sources */ = {isa = PBXBuildFile; fileRef = 186E83CB19076C3F00BB68EB /* MainViewController.m */; };
		186E83D219076EE200BB68EB /* BouncePresentAnimation.m in Sources */ = {isa = PBXBuildFile; fileRef = 186E83D119076EE200BB68EB /* BouncePresentAnimation.m */; };
		186E83D519078D5800BB68EB /* SwipeUpInteractiveTransition.m in Sources */ = {isa = PBXBuildFile; fileRef = 186E83D419078D5800BB68EB /* SwipeUpInteractiveTransition.m */; };
		186E83D81907959400BB68EB /* NormalDismissAnimation.m in Sources */ = {isa = PBXBuildFile; fileRef = 186E83D71907959400BB68EB /* NormalDismissAnimation.m */; };
/* End PBXBuildFile section */

/* Begin PBXContainerItemProxy section */
		186E83B51907693800BB68EB /* PBXContainerItemProxy */ = {
			isa = PBXContainerItemProxy;
			containerPortal = 186E838D1907693800BB68EB /* Project object */;
			proxyType = 1;
			remoteGlobalIDString = 186E83941907693800BB68EB;
			remoteInfo = CVTransitionDemo;
		};
/* End PBXContainerItemProxy section */

/* Begin PBXFileReference section */
		186E83951907693800BB68EB /* CVTransitionDemo.app */ = {isa = PBXFileReference; explicitFileType = wrapper.application; includeInIndex = 0; path = CVTransitionDemo.app; sourceTree = BUILT_PRODUCTS_DIR; };
		186E83981907693800BB68EB /* Foundation.framework */ = {isa = PBXFileReference; lastKnownFileType = wrapper.framework; name = Foundation.framework; path = System/Library/Frameworks/Foundation.framework; sourceTree = SDKROOT; };
		186E839A1907693800BB68EB /* CoreGraphics.framework */ = {isa = PBXFileReference; lastKnownFileType = wrapper.framework; name = CoreGraphics.framework; path = System/Library/Frameworks/CoreGraphics.framework; sourceTree = SDKROOT; };
		186E839C1907693800BB68EB /* UIKit.framework */ = {isa = PBXFileReference; lastKnownFileType = wrapper.framework; name = UIKit.framework; path = System/Library/Frameworks/UIKit.framework; sourceTree = SDKROOT; };
		186E83A01907693800BB68EB /* CVTransitionDemo-Info.plist */ = {isa = PBXFileReference; lastKnownFileType = text.plist.xml; path = "CVTransitionDemo-Info.plist"; sourceTree = "<group>"; };
		186E83A21907693800BB68EB /* en */ = {isa = PBXFileReference; lastKnownFileType = text.plist.strings; name = en; path = en.lproj/InfoPlist.strings; sourceTree = "<group>"; };
		186E83A41907693800BB68EB /* main.m */ = {isa = PBXFileReference; lastKnownFileType = sourcecode.c.objc; path = main.m; sourceTree = "<group>"; };
		186E83A61907693800BB68EB /* CVTransitionDemo-Prefix.pch */ = {isa = PBXFileReference; lastKnownFileType = sourcecode.c.h; path = "CVTransitionDemo-Prefix.pch"; sourceTree = "<group>"; };
		186E83A71907693800BB68EB /* AppDelegate.h */ = {isa = PBXFileReference; lastKnownFileType = sourcecode.c.h; path = AppDelegate.h; sourceTree = "<group>"; };
		186E83A81907693800BB68EB /* AppDelegate.m */ = {isa = PBXFileReference; lastKnownFileType = sourcecode.c.objc; path = AppDelegate.m; sourceTree = "<group>"; };
		186E83AA1907693800BB68EB /* Images.xcassets */ = {isa = PBXFileReference; lastKnownFileType = folder.assetcatalog; path = Images.xcassets; sourceTree = "<group>"; };
		186E83B01907693800BB68EB /* CVTransitionDemoTests.xctest */ = {isa = PBXFileReference; explicitFileType = wrapper.cfbundle; includeInIndex = 0; path = CVTransitionDemoTests.xctest; sourceTree = BUILT_PRODUCTS_DIR; };
		186E83B11907693800BB68EB /* XCTest.framework */ = {isa = PBXFileReference; lastKnownFileType = wrapper.framework; name = XCTest.framework; path = Library/Frameworks/XCTest.framework; sourceTree = DEVELOPER_DIR; };
		186E83B91907693800BB68EB /* CVTransitionDemoTests-Info.plist */ = {isa = PBXFileReference; lastKnownFileType = text.plist.xml; path = "CVTransitionDemoTests-Info.plist"; sourceTree = "<group>"; };
		186E83BB1907693800BB68EB /* en */ = {isa = PBXFileReference; lastKnownFileType = text.plist.strings; name = en; path = en.lproj/InfoPlist.strings; sourceTree = "<group>"; };
		186E83BD1907693800BB68EB /* CVTransitionDemoTests.m */ = {isa = PBXFileReference; lastKnownFileType = sourcecode.c.objc; path = CVTransitionDemoTests.m; sourceTree = "<group>"; };
		186E83C7190769F500BB68EB /* ModalViewController.h */ = {isa = PBXFileReference; fileEncoding = 4; lastKnownFileType = sourcecode.c.h; path = ModalViewController.h; sourceTree = "<group>"; };
		186E83C8190769F500BB68EB /* ModalViewController.m */ = {isa = PBXFileReference; fileEncoding = 4; lastKnownFileType = sourcecode.c.objc; path = ModalViewController.m; sourceTree = "<group>"; };
		186E83CA19076C3F00BB68EB /* MainViewController.h */ = {isa = PBXFileReference; fileEncoding = 4; lastKnownFileType = sourcecode.c.h; path = MainViewController.h; sourceTree = "<group>"; };
		186E83CB19076C3F00BB68EB /* MainViewController.m */ = {isa = PBXFileReference; fileEncoding = 4; lastKnownFileType = sourcecode.c.objc; path = MainViewController.m; sourceTree = "<group>"; };
		186E83D019076EE200BB68EB /* BouncePresentAnimation.h */ = {isa = PBXFileReference; fileEncoding = 4; lastKnownFileType = sourcecode.c.h; path = BouncePresentAnimation.h; sourceTree = "<group>"; };
		186E83D119076EE200BB68EB /* BouncePresentAnimation.m */ = {isa = PBXFileReference; fileEncoding = 4; lastKnownFileType = sourcecode.c.objc; path = BouncePresentAnimation.m; sourceTree = "<group>"; };
		186E83D319078D5800BB68EB /* SwipeUpInteractiveTransition.h */ = {isa = PBXFileReference; fileEncoding = 4; lastKnownFileType = sourcecode.c.h; path = SwipeUpInteractiveTransition.h; sourceTree = "<group>"; };
		186E83D419078D5800BB68EB /* SwipeUpInteractiveTransition.m */ = {isa = PBXFileReference; fileEncoding = 4; lastKnownFileType = sourcecode.c.objc; path = SwipeUpInteractiveTransition.m; sourceTree = "<group>"; };
		186E83D61907959400BB68EB /* NormalDismissAnimation.h */ = {isa = PBXFileReference; fileEncoding = 4; lastKnownFileType = sourcecode.c.h; path = NormalDismissAnimation.h; sourceTree = "<group>"; };
		186E83D71907959400BB68EB /* NormalDismissAnimation.m */ = {isa = PBXFileReference; fileEncoding = 4; lastKnownFileType = sourcecode.c.objc; path = NormalDismissAnimation.m; sourceTree = "<group>"; };
/* End PBXFileReference section */

/* Begin PBXFrameworksBuildPhase section */
		186E83921907693800BB68EB /* Frameworks */ = {
			isa = PBXFrameworksBuildPhase;
			buildActionMask = 2147483647;
			files = (
				186E839B1907693800BB68EB /* CoreGraphics.framework in Frameworks */,
				186E839D1907693800BB68EB /* UIKit.framework in Frameworks */,
				186E83991907693800BB68EB /* Foundation.framework in Frameworks */,
			);
			runOnlyForDeploymentPostprocessing = 0;
		};
		186E83AD1907693800BB68EB /* Frameworks */ = {
			isa = PBXFrameworksBuildPhase;
			buildActionMask = 2147483647;
			files = (
				186E83B21907693800BB68EB /* XCTest.framework in Frameworks */,
				186E83B41907693800BB68EB /* UIKit.framework in Frameworks */,
				186E83B31907693800BB68EB /* Foundation.framework in Frameworks */,
			);
			runOnlyForDeploymentPostprocessing = 0;
		};
/* End PBXFrameworksBuildPhase section */

/* Begin PBXGroup section */
		186E838C1907693800BB68EB = {
			isa = PBXGroup;
			children = (
				186E839E1907693800BB68EB /* CVTransitionDemo */,
				186E83B71907693800BB68EB /* CVTransitionDemoTests */,
				186E83971907693800BB68EB /* Frameworks */,
				186E83961907693800BB68EB /* Products */,
			);
			sourceTree = "<group>";
		};
		186E83961907693800BB68EB /* Products */ = {
			isa = PBXGroup;
			children = (
				186E83951907693800BB68EB /* CVTransitionDemo.app */,
				186E83B01907693800BB68EB /* CVTransitionDemoTests.xctest */,
			);
			name = Products;
			sourceTree = "<group>";
		};
		186E83971907693800BB68EB /* Frameworks */ = {
			isa = PBXGroup;
			children = (
				186E83981907693800BB68EB /* Foundation.framework */,
				186E839A1907693800BB68EB /* CoreGraphics.framework */,
				186E839C1907693800BB68EB /* UIKit.framework */,
				186E83B11907693800BB68EB /* XCTest.framework */,
			);
			name = Frameworks;
			sourceTree = "<group>";
		};
		186E839E1907693800BB68EB /* CVTransitionDemo */ = {
			isa = PBXGroup;
			children = (
				186E83A71907693800BB68EB /* AppDelegate.h */,
				186E83A81907693800BB68EB /* AppDelegate.m */,
				186E83C7190769F500BB68EB /* ModalViewController.h */,
				186E83C8190769F500BB68EB /* ModalViewController.m */,
				186E83CA19076C3F00BB68EB /* MainViewController.h */,
				186E83CB19076C3F00BB68EB /* MainViewController.m */,
				186E83D019076EE200BB68EB /* BouncePresentAnimation.h */,
				186E83D119076EE200BB68EB /* BouncePresentAnimation.m */,
				186E83D61907959400BB68EB /* NormalDismissAnimation.h */,
				186E83D71907959400BB68EB /* NormalDismissAnimation.m */,
				186E83D319078D5800BB68EB /* SwipeUpInteractiveTransition.h */,
				186E83D419078D5800BB68EB /* SwipeUpInteractiveTransition.m */,
				186E83AA1907693800BB68EB /* Images.xcassets */,
				186E839F1907693800BB68EB /* Supporting Files */,
			);
			path = CVTransitionDemo;
			sourceTree = "<group>";
		};
		186E839F1907693800BB68EB /* Supporting Files */ = {
			isa = PBXGroup;
			children = (
				186E83A01907693800BB68EB /* CVTransitionDemo-Info.plist */,
				186E83A11907693800BB68EB /* InfoPlist.strings */,
				186E83A41907693800BB68EB /* main.m */,
				186E83A61907693800BB68EB /* CVTransitionDemo-Prefix.pch */,
			);
			name = "Supporting Files";
			sourceTree = "<group>";
		};
		186E83B71907693800BB68EB /* CVTransitionDemoTests */ = {
			isa = PBXGroup;
			children = (
				186E83BD1907693800BB68EB /* CVTransitionDemoTests.m */,
				186E83B81907693800BB68EB /* Supporting Files */,
			);
			path = CVTransitionDemoTests;
			sourceTree = "<group>";
		};
		186E83B81907693800BB68EB /* Supporting Files */ = {
			isa = PBXGroup;
			children = (
				186E83B91907693800BB68EB /* CVTransitionDemoTests-Info.plist */,
				186E83BA1907693800BB68EB /* InfoPlist.strings */,
			);
			name = "Supporting Files";
			sourceTree = "<group>";
		};
/* End PBXGroup section */

/* Begin PBXNativeTarget section */
		186E83941907693800BB68EB /* CVTransitionDemo */ = {
			isa = PBXNativeTarget;
			buildConfigurationList = 186E83C11907693800BB68EB /* Build configuration list for PBXNativeTarget "CVTransitionDemo" */;
			buildPhases = (
				186E83911907693800BB68EB /* Sources */,
				186E83921907693800BB68EB /* Frameworks */,
				186E83931907693800BB68EB /* Resources */,
			);
			buildRules = (
			);
			dependencies = (
			);
			name = CVTransitionDemo;
			productName = CVTransitionDemo;
			productReference = 186E83951907693800BB68EB /* CVTransitionDemo.app */;
			productType = "com.apple.product-type.application";
		};
		186E83AF1907693800BB68EB /* CVTransitionDemoTests */ = {
			isa = PBXNativeTarget;
			buildConfigurationList = 186E83C41907693800BB68EB /* Build configuration list for PBXNativeTarget "CVTransitionDemoTests" */;
			buildPhases = (
				186E83AC1907693800BB68EB /* Sources */,
				186E83AD1907693800BB68EB /* Frameworks */,
				186E83AE1907693800BB68EB /* Resources */,
			);
			buildRules = (
			);
			dependencies = (
				186E83B61907693800BB68EB /* PBXTargetDependency */,
			);
			name = CVTransitionDemoTests;
			productName = CVTransitionDemoTests;
			productReference = 186E83B01907693800BB68EB /* CVTransitionDemoTests.xctest */;
			productType = "com.apple.product-type.bundle.unit-test";
		};
/* End PBXNativeTarget section */

/* Begin PBXProject section */
		186E838D1907693800BB68EB /* Project object */ = {
			isa = PBXProject;
			attributes = {
				LastUpgradeCheck = 0510;
				ORGANIZATIONNAME = Taagoo;
				TargetAttributes = {
					186E83AF1907693800BB68EB = {
						TestTargetID = 186E83941907693800BB68EB;
					};
				};
			};
			buildConfigurationList = 186E83901907693800BB68EB /* Build configuration list for PBXProject "CVTransitionDemo" */;
			compatibilityVersion = "Xcode 3.2";
			developmentRegion = English;
			hasScannedForEncodings = 0;
			knownRegions = (
				en,
			);
			mainGroup = 186E838C1907693800BB68EB;
			productRefGroup = 186E83961907693800BB68EB /* Products */;
			projectDirPath = "";
			projectRoot = "";
			targets = (
				186E83941907693800BB68EB /* CVTransitionDemo */,
				186E83AF1907693800BB68EB /* CVTransitionDemoTests */,
			);
		};
/* End PBXProject section */

/* Begin PBXResourcesBuildPhase section */
		186E83931907693800BB68EB /* Resources */ = {
			isa = PBXResourcesBuildPhase;
			buildActionMask = 2147483647;
			files = (
				186E83A31907693800BB68EB /* InfoPlist.strings in Resources */,
				186E83AB1907693800BB68EB /* Images.xcassets in Resources */,
			);
			runOnlyForDeploymentPostprocessing = 0;
		};
		186E83AE1907693800BB68EB /* Resources */ = {
			isa = PBXResourcesBuildPhase;
			buildActionMask = 2147483647;
			files = (
				186E83BC1907693800BB68EB /* InfoPlist.strings in Resources */,
			);
			runOnlyForDeploymentPostprocessing = 0;
		};
/* End PBXResourcesBuildPhase section */

/* Begin PBXSourcesBuildPhase section */
		186E83911907693800BB68EB /* Sources */ = {
			isa = PBXSourcesBuildPhase;
			buildActionMask = 2147483647;
			files = (
				186E83D219076EE200BB68EB /* BouncePresentAnimation.m in Sources */,
				186E83A91907693800BB68EB /* AppDelegate.m in Sources */,
				186E83D81907959400BB68EB /* NormalDismissAnimation.m in Sources */,
				186E83A51907693800BB68EB /* main.m in Sources */,
				186E83C9190769F500BB68EB /* ModalViewController.m in Sources */,
				186E83CC19076C3F00BB68EB /* MainViewController.m in Sources */,
				186E83D519078D5800BB68EB /* SwipeUpInteractiveTransition.m in Sources */,
			);
			runOnlyForDeploymentPostprocessing = 0;
		};
		186E83AC1907693800BB68EB /* Sources */ = {
			isa = PBXSourcesBuildPhase;
			buildActionMask = 2147483647;
			files = (
				186E83BE1907693800BB68EB /* CVTransitionDemoTests.m in Sources */,
			);
			runOnlyForDeploymentPostprocessing = 0;
		};
/* End PBXSourcesBuildPhase section */

/* Begin PBXTargetDependency section */
		186E83B61907693800BB68EB /* PBXTargetDependency */ = {
			isa = PBXTargetDependency;
			target = 186E83941907693800BB68EB /* CVTransitionDemo */;
			targetProxy = 186E83B51907693800BB68EB /* PBXContainerItemProxy */;
		};
/* End PBXTargetDependency section */

/* Begin PBXVariantGroup section */
		186E83A11907693800BB68EB /* InfoPlist.strings */ = {
			isa = PBXVariantGroup;
			children = (
				186E83A21907693800BB68EB /* en */,
			);
			name = InfoPlist.strings;
			sourceTree = "<group>";
		};
		186E83BA1907693800BB68EB /* InfoPlist.strings */ = {
			isa = PBXVariantGroup;
			children = (
				186E83BB1907693800BB68EB /* en */,
			);
			name = InfoPlist.strings;
			sourceTree = "<group>";
		};
/* End PBXVariantGroup section */

/* Begin XCBuildConfiguration section */
		186E83BF1907693800BB68EB /* Debug */ = {
			isa = XCBuildConfiguration;
			buildSettings = {
				ALWAYS_SEARCH_USER_PATHS = NO;
				CLANG_CXX_LANGUAGE_STANDARD = "gnu++0x";
				CLANG_CXX_LIBRARY = "libc++";
				CLANG_ENABLE_MODULES = YES;
				CLANG_ENABLE_OBJC_ARC = YES;
				CLANG_WARN_BOOL_CONVERSION = YES;
				CLANG_WARN_CONSTANT_CONVERSION = YES;
				CLANG_WARN_DIRECT_OBJC_ISA_USAGE = YES_ERROR;
				CLANG_WARN_EMPTY_BODY = YES;
				CLANG_WARN_ENUM_CONVERSION = YES;
				CLANG_WARN_INT_CONVERSION = YES;
				CLANG_WARN_OBJC_ROOT_CLASS = YES_ERROR;
				CLANG_WARN__DUPLICATE_METHOD_MATCH = YES;
				"CODE_SIGN_IDENTITY[sdk=iphoneos*]" = "iPhone Developer";
				COPY_PHASE_STRIP = NO;
				GCC_C_LANGUAGE_STANDARD = gnu99;
				GCC_DYNAMIC_NO_PIC = NO;
				GCC_OPTIMIZATION_LEVEL = 0;
				GCC_PREPROCESSOR_DEFINITIONS = (
					"DEBUG=1",
					"$(inherited)",
				);
				GCC_SYMBOLS_PRIVATE_EXTERN = NO;
				GCC_WARN_64_TO_32_BIT_CONVERSION = YES;
				GCC_WARN_ABOUT_RETURN_TYPE = YES_ERROR;
				GCC_WARN_UNDECLARED_SELECTOR = YES;
				GCC_WARN_UNINITIALIZED_AUTOS = YES_AGGRESSIVE;
				GCC_WARN_UNUSED_FUNCTION = YES;
				GCC_WARN_UNUSED_VARIABLE = YES;
				IPHONEOS_DEPLOYMENT_TARGET = 7.1;
				ONLY_ACTIVE_ARCH = YES;
				SDKROOT = iphoneos;
			};
			name = Debug;
		};
		186E83C01907693800BB68EB /* Release */ = {
			isa = XCBuildConfiguration;
			buildSettings = {
				ALWAYS_SEARCH_USER_PATHS = NO;
				CLANG_CXX_LANGUAGE_STANDARD = "gnu++0x";
				CLANG_CXX_LIBRARY = "libc++";
				CLANG_ENABLE_MODULES = YES;
				CLANG_ENABLE_OBJC_ARC = YES;
				CLANG_WARN_BOOL_CONVERSION = YES;
				CLANG_WARN_CONSTANT_CONVERSION = YES;
				CLANG_WARN_DIRECT_OBJC_ISA_USAGE = YES_ERROR;
				CLANG_WARN_EMPTY_BODY = YES;
				CLANG_WARN_ENUM_CONVERSION = YES;
				CLANG_WARN_INT_CONVERSION = YES;
				CLANG_WARN_OBJC_ROOT_CLASS = YES_ERROR;
				CLANG_WARN__DUPLICATE_METHOD_MATCH = YES;
				"CODE_SIGN_IDENTITY[sdk=iphoneos*]" = "iPhone Developer";
				COPY_PHASE_STRIP = YES;
				ENABLE_NS_ASSERTIONS = NO;
				GCC_C_LANGUAGE_STANDARD = gnu99;
				GCC_WARN_64_TO_32_BIT_CONVERSION = YES;
				GCC_WARN_ABOUT_RETURN_TYPE = YES_ERROR;
				GCC_WARN_UNDECLARED_SELECTOR = YES;
				GCC_WARN_UNINITIALIZED_AUTOS = YES_AGGRESSIVE;
				GCC_WARN_UNUSED_FUNCTION = YES;
				GCC_WARN_UNUSED_VARIABLE = YES;
				IPHONEOS_DEPLOYMENT_TARGET = 7.1;
				SDKROOT = iphoneos;
				VALIDATE_PRODUCT = YES;
			};
			name = Release;
		};
		186E83C21907693800BB68EB /* Debug */ = {
			isa = XCBuildConfiguration;
			buildSettings = {
				ASSETCATALOG_COMPILER_APPICON_NAME = AppIcon;
				ASSETCATALOG_COMPILER_LAUNCHIMAGE_NAME = LaunchImage;
				GCC_PRECOMPILE_PREFIX_HEADER = YES;
				GCC_PREFIX_HEADER = "CVTransitionDemo/CVTransitionDemo-Prefix.pch";
				INFOPLIST_FILE = "CVTransitionDemo/CVTransitionDemo-Info.plist";
				PRODUCT_NAME = "$(TARGET_NAME)";
				WRAPPER_EXTENSION = app;
			};
			name = Debug;
		};
		186E83C31907693800BB68EB /* Release */ = {
			isa = XCBuildConfiguration;
			buildSettings = {
				ASSETCATALOG_COMPILER_APPICON_NAME = AppIcon;
				ASSETCATALOG_COMPILER_LAUNCHIMAGE_NAME = LaunchImage;
				GCC_PRECOMPILE_PREFIX_HEADER = YES;
				GCC_PREFIX_HEADER = "CVTransitionDemo/CVTransitionDemo-Prefix.pch";
				INFOPLIST_FILE = "CVTransitionDemo/CVTransitionDemo-Info.plist";
				PRODUCT_NAME = "$(TARGET_NAME)";
				WRAPPER_EXTENSION = app;
			};
			name = Release;
		};
		186E83C51907693800BB68EB /* Debug */ = {
			isa = XCBuildConfiguration;
			buildSettings = {
				BUNDLE_LOADER = "$(BUILT_PRODUCTS_DIR)/CVTransitionDemo.app/CVTransitionDemo";
				FRAMEWORK_SEARCH_PATHS = (
					"$(SDKROOT)/Developer/Library/Frameworks",
					"$(inherited)",
					"$(DEVELOPER_FRAMEWORKS_DIR)",
				);
				GCC_PRECOMPILE_PREFIX_HEADER = YES;
				GCC_PREFIX_HEADER = "CVTransitionDemo/CVTransitionDemo-Prefix.pch";
				GCC_PREPROCESSOR_DEFINITIONS = (
					"DEBUG=1",
					"$(inherited)",
				);
				INFOPLIST_FILE = "CVTransitionDemoTests/CVTransitionDemoTests-Info.plist";
				PRODUCT_NAME = "$(TARGET_NAME)";
				TEST_HOST = "$(BUNDLE_LOADER)";
				WRAPPER_EXTENSION = xctest;
			};
			name = Debug;
		};
		186E83C61907693800BB68EB /* Release */ = {
			isa = XCBuildConfiguration;
			buildSettings = {
				BUNDLE_LOADER = "$(BUILT_PRODUCTS_DIR)/CVTransitionDemo.app/CVTransitionDemo";
				FRAMEWORK_SEARCH_PATHS = (
					"$(SDKROOT)/Developer/Library/Frameworks",
					"$(inherited)",
					"$(DEVELOPER_FRAMEWORKS_DIR)",
				);
				GCC_PRECOMPILE_PREFIX_HEADER = YES;
				GCC_PREFIX_HEADER = "CVTransitionDemo/CVTransitionDemo-Prefix.pch";
				INFOPLIST_FILE = "CVTransitionDemoTests/CVTransitionDemoTests-Info.plist";
				PRODUCT_NAME = "$(TARGET_NAME)";
				TEST_HOST = "$(BUNDLE_LOADER)";
				WRAPPER_EXTENSION = xctest;
			};
			name = Release;
		};
/* End XCBuildConfiguration section */

/* Begin XCConfigurationList section */
		186E83901907693800BB68EB /* Build configuration list for PBXProject "CVTransitionDemo" */ = {
			isa = XCConfigurationList;
			buildConfigurations = (
				186E83BF1907693800BB68EB /* Debug */,
				186E83C01907693800BB68EB /* Release */,
			);
			defaultConfigurationIsVisible = 0;
			defaultConfigurationName = Release;
		};
		186E83C11907693800BB68EB /* Build configuration list for PBXNativeTarget "CVTransitionDemo" */ = {
			isa = XCConfigurationList;
			buildConfigurations = (
				186E83C21907693800BB68EB /* Debug */,
				186E83C31907693800BB68EB /* Release */,
			);
			defaultConfigurationIsVisible = 0;
			defaultConfigurationName = Release;
		};
		186E83C41907693800BB68EB /* Build configuration list for PBXNativeTarget "CVTransitionDemoTests" */ = {
			isa = XCConfigurationList;
			buildConfigurations = (
				186E83C51907693800BB68EB /* Debug */,
				186E83C61907693800BB68EB /* Release */,
			);
			defaultConfigurationIsVisible = 0;
			defaultConfigurationName = Release;
		};
/* End XCConfigurationList section */
	};
	rootObject = 186E838D1907693800BB68EB /* Project object */;
}
